{
  "nodes": {
    "alpha-nvim": {
      "flake": false,
      "locked": {
        "lastModified": 1677868849,
        "narHash": "sha256-230AM1W6S1zKhDsVACR3Zsw3WWo6X6OEXN6ur77kehs=",
        "owner": "goolord",
        "repo": "alpha-nvim",
        "rev": "4b0ba68022d8612b04b26844f1ce5e708c0d23b0",
        "type": "github"
      },
      "original": {
        "owner": "goolord",
        "repo": "alpha-nvim",
        "type": "github"
      }
    },
    "calvera-dark-nvim": {
      "flake": false,
      "locked": {
        "lastModified": 1628826150,
        "narHash": "sha256-DMyElTyzSqqcKnfVm/Rjkg9Ax5WvRw5lDW1A/0+Tmfg=",
        "owner": "yashguptaz",
        "repo": "calvera-dark.nvim",
        "rev": "84802d0bde047ce79ebfddc1800800f0bd67f37a",
        "type": "github"
      },
      "original": {
        "owner": "yashguptaz",
        "repo": "calvera-dark.nvim",
        "type": "github"
      }
    },
    "dial-nvim": {
      "flake": false,
      "locked": {
        "lastModified": 1674773563,
        "narHash": "sha256-/gqGgYSc4Z/svmKSTG0DOy028YfSCyGiAmYXbCwXrWM=",
        "owner": "monaqa",
        "repo": "dial.nvim",
        "rev": "5020da900cc5dfd7067f181ee2ebd872ca7c84e8",
        "type": "github"
      },
      "original": {
        "owner": "monaqa",
        "repo": "dial.nvim",
        "type": "github"
      }
    },
    "flake-compat": {
      "flake": false,
      "locked": {
        "lastModified": 1673956053,
        "narHash": "sha256-4gtG9iQuiKITOjNQQeQIpoIB6b16fm+504Ch3sNKLd8=",
        "owner": "edolstra",
        "repo": "flake-compat",
        "rev": "35bb57c0c8d8b62bbfd284272c928ceb64ddbde9",
        "type": "github"
      },
      "original": {
        "owner": "edolstra",
        "repo": "flake-compat",
        "type": "github"
      }
    },
    "flake-compat_2": {
      "flake": false,
      "locked": {
        "lastModified": 1673956053,
        "narHash": "sha256-4gtG9iQuiKITOjNQQeQIpoIB6b16fm+504Ch3sNKLd8=",
        "owner": "edolstra",
        "repo": "flake-compat",
        "rev": "35bb57c0c8d8b62bbfd284272c928ceb64ddbde9",
        "type": "github"
      },
      "original": {
        "owner": "edolstra",
        "repo": "flake-compat",
        "type": "github"
      }
    },
    "flake-utils": {
      "locked": {
        "lastModified": 1667395993,
        "narHash": "sha256-nuEHfE/LcWyuSWnS8t12N1wc105Qtau+/OdUAjtQ0rA=",
        "owner": "numtide",
        "repo": "flake-utils",
        "rev": "5aed5285a952e0b949eb3ba02c12fa4fcfef535f",
        "type": "github"
      },
      "original": {
        "owner": "numtide",
        "repo": "flake-utils",
        "type": "github"
      }
    },
    "flake-utils_2": {
      "locked": {
        "lastModified": 1667395993,
        "narHash": "sha256-nuEHfE/LcWyuSWnS8t12N1wc105Qtau+/OdUAjtQ0rA=",
        "owner": "numtide",
        "repo": "flake-utils",
        "rev": "5aed5285a952e0b949eb3ba02c12fa4fcfef535f",
        "type": "github"
      },
      "original": {
        "owner": "numtide",
        "repo": "flake-utils",
        "type": "github"
      }
    },
    "gitignore": {
      "inputs": {
        "nixpkgs": [
          "nix-wallpaper",
          "pre-commit-hooks",
          "nixpkgs"
        ]
      },
      "locked": {
        "lastModified": 1660459072,
        "narHash": "sha256-8DFJjXG8zqoONA1vXtgeKXy68KdJL5UaXR8NtVMUbx8=",
        "owner": "hercules-ci",
        "repo": "gitignore.nix",
        "rev": "a20de23b925fd8264fd7fad6454652e142fd7f73",
        "type": "github"
      },
      "original": {
        "owner": "hercules-ci",
        "repo": "gitignore.nix",
        "type": "github"
      }
    },
    "home-manager": {
      "inputs": {
        "nixpkgs": [
          "nixpkgs"
        ],
        "utils": "utils"
      },
      "locked": {
        "lastModified": 1677783711,
        "narHash": "sha256-eq5mOVk3gv5HITtLhPjKwi8bFnOaQplA3X0WFgHnmxE=",
        "owner": "rycee",
        "repo": "home-manager",
        "rev": "b9e3a29864798d55ec1d6579ab97876bb1ee9664",
        "type": "github"
      },
      "original": {
        "owner": "rycee",
        "ref": "master",
        "repo": "home-manager",
        "type": "github"
      }
    },
    "hyprland": {
      "inputs": {
        "hyprland-protocols": "hyprland-protocols",
        "nixpkgs": "nixpkgs",
        "wlroots": "wlroots",
        "xdph": "xdph"
      },
      "locked": {
        "lastModified": 1677946956,
        "narHash": "sha256-5kzTfzNVzN/VOssGfNko5O2BTYciWSKlqb+q7oX1lh4=",
        "owner": "hyprwm",
        "repo": "Hyprland",
        "rev": "5184b542b1f505c90f9ef4715ae949ac45b2b7ef",
        "type": "github"
      },
      "original": {
        "owner": "hyprwm",
        "repo": "Hyprland",
        "type": "github"
      }
    },
    "hyprland-protocols": {
      "inputs": {
        "nixpkgs": [
          "hyprland",
          "nixpkgs"
        ]
      },
      "locked": {
        "lastModified": 1671839510,
        "narHash": "sha256-+PY1qqJfmZzzROgcIY4I7AkCwpnC+qBIYk2eFoA9RWc=",
        "owner": "hyprwm",
        "repo": "hyprland-protocols",
        "rev": "b8f55e02a328c47ed373133c52483bbfa20a1b75",
        "type": "github"
      },
      "original": {
        "owner": "hyprwm",
        "repo": "hyprland-protocols",
        "type": "github"
      }
    },
    "kanagawa-nvim": {
      "flake": false,
      "locked": {
        "lastModified": 1677967268,
        "narHash": "sha256-tx3Lx7ZQZot80ozXnLDEd1HYE5JvgNsIGyUVZvwwYt4=",
        "owner": "rebelot",
        "repo": "kanagawa.nvim",
        "rev": "1789033803c32464c3eaf8c062f2d65ea236aa1d",
        "type": "github"
      },
      "original": {
        "owner": "rebelot",
        "repo": "kanagawa.nvim",
        "type": "github"
      }
    },
    "monochrome-nvim": {
      "flake": false,
      "locked": {
        "lastModified": 1626289966,
        "narHash": "sha256-TgilR5jnos2YZeaJUuej35bQ9yE825MQk0s6gxwkAbA=",
        "owner": "kdheepak",
        "repo": "monochrome.nvim",
        "rev": "2de78d9688ea4a177bcd9be554ab9192337d35ff",
        "type": "github"
      },
      "original": {
        "owner": "kdheepak",
        "repo": "monochrome.nvim",
        "type": "github"
      }
    },
    "neo-tree-nvim": {
      "flake": false,
      "locked": {
        "lastModified": 1677674263,
        "narHash": "sha256-RDwNLAwiqTHQtptY+ibrHlrCxohjtXZypGN9hhVOtys=",
        "owner": "nvim-neo-tree",
        "repo": "neo-tree.nvim",
        "rev": "aec592bb1f0cf67f7e1123053d1eb17700aa9ed4",
        "type": "github"
      },
      "original": {
        "owner": "nvim-neo-tree",
        "repo": "neo-tree.nvim",
        "type": "github"
      }
    },
    "neovim-flake": {
      "inputs": {
        "flake-utils": "flake-utils",
        "nixpkgs": [
          "neovim-nightly",
          "nixpkgs"
        ]
      },
      "locked": {
        "dir": "contrib",
        "lastModified": 1678002135,
        "narHash": "sha256-xutd2qxgOhKe9mIAv3Y0aw45FaPoj1ovxspSR4Xub5g=",
        "owner": "neovim",
        "repo": "neovim",
        "rev": "ed05d38d9fa643c7e562b754c6cfed8b9da5c4d8",
        "type": "github"
      },
      "original": {
        "dir": "contrib",
        "owner": "neovim",
        "repo": "neovim",
        "type": "github"
      }
    },
    "neovim-nightly": {
      "inputs": {
        "flake-compat": "flake-compat",
        "neovim-flake": "neovim-flake",
        "nixpkgs": [
          "nixpkgs"
        ]
      },
      "locked": {
        "lastModified": 1678004037,
        "narHash": "sha256-FWUpMn19BiXrbtQaA1v2AMvyIHyGcss+cTHWBwPp2eI=",
        "owner": "nix-community",
        "repo": "neovim-nightly-overlay",
        "rev": "ef968b8411938ee11ed8a3a5c5b46cba4bdbe142",
        "type": "github"
      },
      "original": {
        "owner": "nix-community",
        "repo": "neovim-nightly-overlay",
        "type": "github"
      }
    },
    "nix-wallpaper": {
      "inputs": {
        "flake-utils": "flake-utils_2",
        "nixpkgs": [
          "nixpkgs"
        ],
        "pre-commit-hooks": "pre-commit-hooks"
      },
      "locked": {
        "lastModified": 1675618544,
        "narHash": "sha256-HbGQ6dTNd/Gxw/m2dQxbvavbHzPEPuVHUSztg321gkU=",
        "owner": "lunik1",
        "repo": "nix-wallpaper",
        "rev": "ac8d5802bb9255d4c3680ebce76f249a395e640d",
        "type": "github"
      },
      "original": {
        "owner": "lunik1",
        "repo": "nix-wallpaper",
        "type": "github"
      }
    },
    "nixpkgs": {
      "locked": {
        "lastModified": 1677932085,
        "narHash": "sha256-+AB4dYllWig8iO6vAiGGYl0NEgmMgGHpy9gzWJ3322g=",
        "owner": "NixOS",
        "repo": "nixpkgs",
        "rev": "3c5319ad3aa51551182ac82ea17ab1c6b0f0df89",
        "type": "github"
      },
      "original": {
        "owner": "NixOS",
        "ref": "nixos-unstable",
        "repo": "nixpkgs",
        "type": "github"
      }
    },
    "nixpkgs-stable": {
      "locked": {
        "lastModified": 1673800717,
        "narHash": "sha256-SFHraUqLSu5cC6IxTprex/nTsI81ZQAtDvlBvGDWfnA=",
        "owner": "NixOS",
        "repo": "nixpkgs",
        "rev": "2f9fd351ec37f5d479556cd48be4ca340da59b8f",
        "type": "github"
      },
      "original": {
        "owner": "NixOS",
        "ref": "nixos-22.11",
        "repo": "nixpkgs",
        "type": "github"
      }
    },
    "nixpkgs-stable_2": {
      "locked": {
        "lastModified": 1677779205,
        "narHash": "sha256-6DBjL9wjq86p2GczmwnHtFRnWPBPItc67gapWENBgX8=",
        "owner": "NixOS",
        "repo": "nixpkgs",
        "rev": "96e18717904dfedcd884541e5a92bf9ff632cf39",
        "type": "github"
      },
      "original": {
        "owner": "NixOS",
        "ref": "nixos-22.11",
        "repo": "nixpkgs",
        "type": "github"
      }
    },
    "nixpkgs-unstable": {
      "locked": {
        "lastModified": 1677932085,
        "narHash": "sha256-+AB4dYllWig8iO6vAiGGYl0NEgmMgGHpy9gzWJ3322g=",
        "owner": "NixOS",
        "repo": "nixpkgs",
        "rev": "3c5319ad3aa51551182ac82ea17ab1c6b0f0df89",
        "type": "github"
      },
      "original": {
        "owner": "NixOS",
        "ref": "nixos-unstable",
        "repo": "nixpkgs",
        "type": "github"
      }
    },
    "nixpkgs_2": {
      "locked": {
        "lastModified": 1677932085,
        "narHash": "sha256-+AB4dYllWig8iO6vAiGGYl0NEgmMgGHpy9gzWJ3322g=",
        "owner": "NixOS",
        "repo": "nixpkgs",
        "rev": "3c5319ad3aa51551182ac82ea17ab1c6b0f0df89",
        "type": "github"
      },
      "original": {
        "owner": "NixOS",
        "ref": "nixos-unstable",
        "repo": "nixpkgs",
        "type": "github"
      }
    },
    "nur": {
      "locked": {
        "lastModified": 1678002043,
        "narHash": "sha256-CKAoPQaUA+kitq4ChzlM5O3oTGHuQnlSV4hNSI1Ht0g=",
        "owner": "nix-community",
        "repo": "NUR",
        "rev": "45ce037949e32a72bc65be6f20dc87fa73c5039d",
        "type": "github"
      },
      "original": {
        "owner": "nix-community",
        "repo": "NUR",
        "type": "github"
      }
    },
    "nvim-base16": {
      "flake": false,
      "locked": {
        "lastModified": 1677986867,
        "narHash": "sha256-6y5WbfhUKGVajH5PoqbLzvs+YVkg3S7723EyOyeZp8U=",
        "owner": "rrethy",
        "repo": "nvim-base16",
        "rev": "0cab02bac9ca02a70db9e1d07e25fdb630b18a21",
        "type": "github"
      },
      "original": {
        "owner": "rrethy",
        "repo": "nvim-base16",
        "type": "github"
      }
    },
    "nvim-scrollbar": {
      "flake": false,
      "locked": {
        "lastModified": 1676328140,
        "narHash": "sha256-ZTU8+OPROdtkov75rvFpd3RuZ98PN1wiA7UOyPUqmw8=",
        "owner": "petertriho",
        "repo": "nvim-scrollbar",
        "rev": "75210c554e935740448cfb532d8a671ae544bb1b",
        "type": "github"
      },
      "original": {
        "owner": "petertriho",
        "repo": "nvim-scrollbar",
        "type": "github"
      }
    },
    "pre-commit-hooks": {
      "inputs": {
        "flake-compat": "flake-compat_2",
        "flake-utils": [
          "nix-wallpaper",
          "flake-utils"
        ],
        "gitignore": "gitignore",
        "nixpkgs": [
          "nix-wallpaper",
          "nixpkgs"
        ],
        "nixpkgs-stable": "nixpkgs-stable"
      },
      "locked": {
        "lastModified": 1675337566,
        "narHash": "sha256-jmLBTQcs1jFOn8h1Q5b5XwPfYgFOtcZ3+mU9KvfC6Js=",
        "owner": "cachix",
        "repo": "pre-commit-hooks.nix",
        "rev": "5668d079583a5b594cb4e0cc0e6d84f1b93da7ae",
        "type": "github"
      },
      "original": {
        "owner": "cachix",
        "repo": "pre-commit-hooks.nix",
        "type": "github"
      }
    },
    "root": {
      "inputs": {
        "alpha-nvim": "alpha-nvim",
        "calvera-dark-nvim": "calvera-dark-nvim",
        "dial-nvim": "dial-nvim",
        "home-manager": "home-manager",
        "hyprland": "hyprland",
        "kanagawa-nvim": "kanagawa-nvim",
        "monochrome-nvim": "monochrome-nvim",
        "neo-tree-nvim": "neo-tree-nvim",
        "neovim-nightly": "neovim-nightly",
        "nix-wallpaper": "nix-wallpaper",
        "nixpkgs": "nixpkgs_2",
        "nixpkgs-stable": "nixpkgs-stable_2",
        "nixpkgs-unstable": "nixpkgs-unstable",
        "nur": "nur",
        "nvim-base16": "nvim-base16",
        "nvim-scrollbar": "nvim-scrollbar",
        "substrata-nvim": "substrata-nvim",
        "vim-enfocado": "vim-enfocado",
        "vim-moonfly-colors": "vim-moonfly-colors",
        "vscode-nvim": "vscode-nvim",
        "yankassassin-vim": "yankassassin-vim",
        "zenbones-nvim": "zenbones-nvim"
      }
    },
    "substrata-nvim": {
      "flake": false,
      "locked": {
        "lastModified": 1665105832,
        "narHash": "sha256-mCG9mgrxkIfiVL5+9pi6K+mpzfwqLIhzRa3j7wzRgW8=",
        "owner": "kvrohit",
        "repo": "substrata.nvim",
        "rev": "e3b2b69ce597e8d17767a41d8db45b15178a0b45",
        "type": "github"
      },
      "original": {
        "owner": "kvrohit",
        "repo": "substrata.nvim",
        "type": "github"
      }
    },
    "utils": {
      "locked": {
        "lastModified": 1667395993,
        "narHash": "sha256-nuEHfE/LcWyuSWnS8t12N1wc105Qtau+/OdUAjtQ0rA=",
        "owner": "numtide",
        "repo": "flake-utils",
        "rev": "5aed5285a952e0b949eb3ba02c12fa4fcfef535f",
        "type": "github"
      },
      "original": {
        "owner": "numtide",
        "repo": "flake-utils",
        "type": "github"
      }
    },
    "vim-enfocado": {
      "flake": false,
      "locked": {
        "lastModified": 1677997884,
        "narHash": "sha256-o8oZfSXjakJFKuRYqKtMrZ156ASNOeIltXCRw1VPnjA=",
        "owner": "wuelnerdotexe",
        "repo": "vim-enfocado",
        "rev": "ce03fe4785322aeecafb96a24d32288931172fc5",
        "type": "github"
      },
      "original": {
        "owner": "wuelnerdotexe",
        "repo": "vim-enfocado",
        "type": "github"
      }
    },
    "vim-moonfly-colors": {
      "flake": false,
      "locked": {
        "lastModified": 1677636770,
        "narHash": "sha256-kvnh3NzKmLzVQ4I1KtZMEAcDZ+gZVF9TFfg1BhswbN4=",
        "owner": "bluz71",
        "repo": "vim-moonfly-colors",
        "rev": "d3ff722e84a9571acbb489e8e85b2a44bbefb602",
        "type": "github"
      },
      "original": {
        "owner": "bluz71",
        "repo": "vim-moonfly-colors",
        "type": "github"
      }
    },
    "vscode-nvim": {
      "flake": false,
      "locked": {
        "lastModified": 1676017466,
        "narHash": "sha256-X2IgIjO5NNq7vJdl09hBY1TFqHlsfF1xfllKr4osILI=",
        "owner": "Mofiqul",
        "repo": "vscode.nvim",
        "rev": "db9ee339b5556aa832ca58871fd18f9467a18520",
        "type": "github"
      },
      "original": {
        "owner": "Mofiqul",
        "repo": "vscode.nvim",
        "type": "github"
      }
    },
    "wlroots": {
      "flake": false,
      "locked": {
        "host": "gitlab.freedesktop.org",
        "lastModified": 1677789111,
        "narHash": "sha256-dWrk+Q3bLdtFe5rkyaAKWCQJCeE/KFNllcu1DvBC38c=",
        "owner": "wlroots",
        "repo": "wlroots",
        "rev": "5ae17de23f5fd9bb252a698f3771c840280e2c05",
        "type": "gitlab"
      },
      "original": {
        "host": "gitlab.freedesktop.org",
        "owner": "wlroots",
        "repo": "wlroots",
        "type": "gitlab"
      }
    },
    "xdph": {
      "inputs": {
        "hyprland-protocols": [
          "hyprland",
          "hyprland-protocols"
        ],
        "nixpkgs": [
          "hyprland",
          "nixpkgs"
        ]
      },
      "locked": {
        "lastModified": 1673116118,
        "narHash": "sha256-eR0yDSkR2XYMesfdRWJs25kAdXET2mbNNHu5t+KUcKA=",
        "owner": "hyprwm",
        "repo": "xdg-desktop-portal-hyprland",
        "rev": "d479c846531fd0e1d2357c9588b8310a2b859ef2",
        "type": "github"
      },
      "original": {
        "owner": "hyprwm",
        "repo": "xdg-desktop-portal-hyprland",
        "type": "github"
      }
    },
    "yankassassin-vim": {
      "flake": false,
      "locked": {
        "lastModified": 1646983300,
        "narHash": "sha256-xuQ60dTv+GjU904SB+Nt3tclbNsOycZurdtYZWciD3A=",
        "owner": "svban",
        "repo": "YankAssassin.vim",
        "rev": "55ce478a08333c086bcccdf087453085f85854d4",
        "type": "github"
      },
      "original": {
        "owner": "svban",
        "repo": "YankAssassin.vim",
        "type": "github"
      }
    },
    "zenbones-nvim": {
      "flake": false,
      "locked": {
        "lastModified": 1675050957,
        "narHash": "sha256-82CS4H1c4nHcX5q2d0eOImWDtwazHyK+vfunS/7jBOU=",
        "owner": "mcchrish",
        "repo": "zenbones.nvim",
        "rev": "910b8c240c6aaf5263db038db81c538602c766c3",
        "type": "github"
      },
      "original": {
        "owner": "mcchrish",
        "repo": "zenbones.nvim",
        "type": "github"
      }
    }
  },
  "root": "root",
  "version": 7
}
